
Microsoft Visual Studio Solution File, Format Version 12.00
# Visual Studio Version 17
VisualStudioVersion = 17.10.35013.160
MinimumVisualStudioVersion = 10.0.40219.1
Project("{FAE04EC0-301F-11D3-BF4B-00C04F79EFBC}") = "DataSecurity", "DataSecurity\DataSecurity.csproj", "{BE58E655-283C-4AFA-BD88-56202CBA20D2}"
EndProject
Project("{FAE04EC0-301F-11D3-BF4B-00C04F79EFBC}") = "Server", "Server\Server.csproj", "{56F996D0-76D6-4C1F-B21C-014020E9A0FF}"
EndProject
Global
	GlobalSection(SolutionConfigurationPlatforms) = preSolution
		Debug|Any CPU = Debug|Any CPU
		Release|Any CPU = Release|Any CPU
	EndGlobalSection
	GlobalSection(ProjectConfigurationPlatforms) = postSolution
		{BE58E655-283C-4AFA-BD88-56202CBA20D2}.Debug|Any CPU.ActiveCfg = Debug|Any CPU
		{BE58E655-283C-4AFA-BD88-56202CBA20D2}.Debug|Any CPU.Build.0 = Debug|Any CPU
		{BE58E655-283C-4AFA-BD88-56202CBA20D2}.Debug|Any CPU.Deploy.0 = Debug|Any CPU
		{BE58E655-283C-4AFA-BD88-56202CBA20D2}.Release|Any CPU.ActiveCfg = Release|Any CPU
		{BE58E655-283C-4AFA-BD88-56202CBA20D2}.Release|Any CPU.Build.0 = Release|Any CPU
		{BE58E655-283C-4AFA-BD88-56202CBA20D2}.Release|Any CPU.Deploy.0 = Release|Any CPU
		{56F996D0-76D6-4C1F-B21C-014020E9A0FF}.Debug|Any CPU.ActiveCfg = Debug|Any CPU
		{56F996D0-76D6-4C1F-B21C-014020E9A0FF}.Debug|Any CPU.Build.0 = Debug|Any CPU
		{56F996D0-76D6-4C1F-B21C-014020E9A0FF}.Release|Any CPU.ActiveCfg = Release|Any CPU
		{56F996D0-76D6-4C1F-B21C-014020E9A0FF}.Release|Any CPU.Build.0 = Release|Any CPU
	EndGlobalSection
	GlobalSection(SolutionProperties) = preSolution
		HideSolutionNode = FALSE
	EndGlobalSection
	GlobalSection(ExtensibilityGlobals) = postSolution
		SolutionGuid = {57DE462A-8B99-4D8D-9C38-C829CD7DC11F}
	EndGlobalSection
EndGlobal
